// !$*UTF8*$!
{
	archiveVersion = 1;
	classes = {
	};
	objectVersion = 55;
	objects = {

/* Begin PBXBuildFile section */
		55219B014EB8F3FB048E4E7B /* Pods_BlindDateApp.framework in Frameworks */ = {isa = PBXBuildFile; fileRef = EA46E149846F89A84C1EE6CF /* Pods_BlindDateApp.framework */; };
		A238F28B29C74F7C00F1B4F7 /* ButtonExtension.swift in Sources */ = {isa = PBXBuildFile; fileRef = A238F28A29C74F7B00F1B4F7 /* ButtonExtension.swift */; };
		A24B376729C1D5D500D1D003 /* DynamicCircleView.swift in Sources */ = {isa = PBXBuildFile; fileRef = A24B376629C1D5D500D1D003 /* DynamicCircleView.swift */; };
		A2519B9229A9E59D0098DF3E /* ViewExtension.swift in Sources */ = {isa = PBXBuildFile; fileRef = A2519B9129A9E59D0098DF3E /* ViewExtension.swift */; };
		A2519B9429A9E5D40098DF3E /* LoadingView.swift in Sources */ = {isa = PBXBuildFile; fileRef = A2519B9329A9E5D40098DF3E /* LoadingView.swift */; };
		A2519B9729A9E95B0098DF3E /* UserCenter.swift in Sources */ = {isa = PBXBuildFile; fileRef = A2519B9629A9E95B0098DF3E /* UserCenter.swift */; };
		A2519B9929A9EF640098DF3E /* ColorExtension.swift in Sources */ = {isa = PBXBuildFile; fileRef = A2519B9829A9EF640098DF3E /* ColorExtension.swift */; };
		A2519B9C29A9F1FA0098DF3E /* Header.swift in Sources */ = {isa = PBXBuildFile; fileRef = A2519B9B29A9F1FA0098DF3E /* Header.swift */; };
		A2519B9F29AA01E30098DF3E /* RecommandList.swift in Sources */ = {isa = PBXBuildFile; fileRef = A2519B9E29AA01E30098DF3E /* RecommandList.swift */; };
		A2519BA229AC8CD60098DF3E /* ReCommandModel.swift in Sources */ = {isa = PBXBuildFile; fileRef = A2519BA129AC8CD60098DF3E /* ReCommandModel.swift */; };
		A281042F29B0AB4600C0B8E8 /* DateExtension.swift in Sources */ = {isa = PBXBuildFile; fileRef = A281042E29B0AB4600C0B8E8 /* DateExtension.swift */; };
		A281043129B197ED00C0B8E8 /* UIImageExtension.swift in Sources */ = {isa = PBXBuildFile; fileRef = A281043029B197ED00C0B8E8 /* UIImageExtension.swift */; };
		A281043429B1E4F700C0B8E8 /* LikeMe.swift in Sources */ = {isa = PBXBuildFile; fileRef = A281043329B1E4F700C0B8E8 /* LikeMe.swift */; };
		A281043729B1EA6200C0B8E8 /* LikeMeModel.swift in Sources */ = {isa = PBXBuildFile; fileRef = A281043629B1EA6200C0B8E8 /* LikeMeModel.swift */; };
		A281043C29B20DD900C0B8E8 /* Me.swift in Sources */ = {isa = PBXBuildFile; fileRef = A281043B29B20DD900C0B8E8 /* Me.swift */; };
		A281043F29B2FCAC00C0B8E8 /* EnterInfoView.swift in Sources */ = {isa = PBXBuildFile; fileRef = A281043E29B2FCAC00C0B8E8 /* EnterInfoView.swift */; };
		A2A3A56729B9C0710069C574 /* StringExtension.swift in Sources */ = {isa = PBXBuildFile; fileRef = A2A3A56629B9C0710069C574 /* StringExtension.swift */; };
		A2A3A56929BAE1B80069C574 /* CustomPhotoPicker.swift in Sources */ = {isa = PBXBuildFile; fileRef = A2A3A56829BAE1B80069C574 /* CustomPhotoPicker.swift */; };
		A2A3A56C29BB8B8C0069C574 /* MessageView.swift in Sources */ = {isa = PBXBuildFile; fileRef = A2A3A56B29BB8B8C0069C574 /* MessageView.swift */; };
		A2D8270429B6F0070017445D /* NavigationViewExtension.swift in Sources */ = {isa = PBXBuildFile; fileRef = A2D8270329B6F0070017445D /* NavigationViewExtension.swift */; };
		A2D8270729B748C40017445D /* CustomDatePicker.swift in Sources */ = {isa = PBXBuildFile; fileRef = A2D8270629B748C40017445D /* CustomDatePicker.swift */; };
		A2D8270929B784350017445D /* CustomPicker.swift in Sources */ = {isa = PBXBuildFile; fileRef = A2D8270829B784350017445D /* CustomPicker.swift */; };
		A2D8270D29B851420017445D /* LocalData.swift in Sources */ = {isa = PBXBuildFile; fileRef = A2D8270C29B851420017445D /* LocalData.swift */; };
		A2D8272C29B86B290017445D /* school_data.json in Resources */ = {isa = PBXBuildFile; fileRef = A2D8272B29B86B290017445D /* school_data.json */; };
		A2D8272E29B87C750017445D /* profession.json in Resources */ = {isa = PBXBuildFile; fileRef = A2D8272D29B87C750017445D /* profession.json */; };
		A2D8273129B88E9C0017445D /* city.json in Resources */ = {isa = PBXBuildFile; fileRef = A2D8272F29B88E9C0017445D /* city.json */; };
		A2D8273229B88E9C0017445D /* province.json in Resources */ = {isa = PBXBuildFile; fileRef = A2D8273029B88E9C0017445D /* province.json */; };
		A2D8273429B8971A0017445D /* area.json in Resources */ = {isa = PBXBuildFile; fileRef = A2D8273329B8971A0017445D /* area.json */; };
		A2D8273629B89AB40017445D /* AddressView.swift in Sources */ = {isa = PBXBuildFile; fileRef = A2D8273529B89AB40017445D /* AddressView.swift */; };
		A2E4E91B299B5104000A46FE /* BlindDateAppApp.swift in Sources */ = {isa = PBXBuildFile; fileRef = A2E4E91A299B5104000A46FE /* BlindDateAppApp.swift */; };
		A2E4E91D299B5104000A46FE /* ContentView.swift in Sources */ = {isa = PBXBuildFile; fileRef = A2E4E91C299B5104000A46FE /* ContentView.swift */; };
		A2E4E91F299B5107000A46FE /* Assets.xcassets in Resources */ = {isa = PBXBuildFile; fileRef = A2E4E91E299B5107000A46FE /* Assets.xcassets */; };
		A2E4E922299B5107000A46FE /* Preview Assets.xcassets in Resources */ = {isa = PBXBuildFile; fileRef = A2E4E921299B5107000A46FE /* Preview Assets.xcassets */; };
		A2E4E929299B517D000A46FE /* LoginView.swift in Sources */ = {isa = PBXBuildFile; fileRef = A2E4E928299B517D000A46FE /* LoginView.swift */; };
		A2EA905329C9B92C00A32570 /* RefreshableScrollView.swift in Sources */ = {isa = PBXBuildFile; fileRef = A2EA905229C9B92C00A32570 /* RefreshableScrollView.swift */; };
		A2EA905529CAD08100A32570 /* BatchRequest.swift in Sources */ = {isa = PBXBuildFile; fileRef = A2EA905429CAD08100A32570 /* BatchRequest.swift */; };
		A2FFE855299B5E03009642D3 /* BaseRequest.swift in Sources */ = {isa = PBXBuildFile; fileRef = A2FFE854299B5E03009642D3 /* BaseRequest.swift */; };
		A2FFE857299B61E8009642D3 /* Consts.swift in Sources */ = {isa = PBXBuildFile; fileRef = A2FFE856299B61E8009642D3 /* Consts.swift */; };
/* End PBXBuildFile section */

/* Begin PBXFileReference section */
		664FC701655135A14D8BE38C /* Pods-BlindDateApp.debug.xcconfig */ = {isa = PBXFileReference; includeInIndex = 1; lastKnownFileType = text.xcconfig; name = "Pods-BlindDateApp.debug.xcconfig"; path = "Target Support Files/Pods-BlindDateApp/Pods-BlindDateApp.debug.xcconfig"; sourceTree = "<group>"; };
		A238F28A29C74F7B00F1B4F7 /* ButtonExtension.swift */ = {isa = PBXFileReference; lastKnownFileType = sourcecode.swift; path = ButtonExtension.swift; sourceTree = "<group>"; };
		A24B376629C1D5D500D1D003 /* DynamicCircleView.swift */ = {isa = PBXFileReference; lastKnownFileType = sourcecode.swift; path = DynamicCircleView.swift; sourceTree = "<group>"; };
		A2519B9129A9E59D0098DF3E /* ViewExtension.swift */ = {isa = PBXFileReference; lastKnownFileType = sourcecode.swift; path = ViewExtension.swift; sourceTree = "<group>"; };
		A2519B9329A9E5D40098DF3E /* LoadingView.swift */ = {isa = PBXFileReference; lastKnownFileType = sourcecode.swift; path = LoadingView.swift; sourceTree = "<group>"; };
		A2519B9629A9E95B0098DF3E /* UserCenter.swift */ = {isa = PBXFileReference; lastKnownFileType = sourcecode.swift; path = UserCenter.swift; sourceTree = "<group>"; };
		A2519B9829A9EF640098DF3E /* ColorExtension.swift */ = {isa = PBXFileReference; lastKnownFileType = sourcecode.swift; path = ColorExtension.swift; sourceTree = "<group>"; };
		A2519B9B29A9F1FA0098DF3E /* Header.swift */ = {isa = PBXFileReference; lastKnownFileType = sourcecode.swift; path = Header.swift; sourceTree = "<group>"; };
		A2519B9E29AA01E30098DF3E /* RecommandList.swift */ = {isa = PBXFileReference; lastKnownFileType = sourcecode.swift; path = RecommandList.swift; sourceTree = "<group>"; };
		A2519BA129AC8CD60098DF3E /* ReCommandModel.swift */ = {isa = PBXFileReference; lastKnownFileType = sourcecode.swift; path = ReCommandModel.swift; sourceTree = "<group>"; };
		A281042E29B0AB4600C0B8E8 /* DateExtension.swift */ = {isa = PBXFileReference; lastKnownFileType = sourcecode.swift; path = DateExtension.swift; sourceTree = "<group>"; };
		A281043029B197ED00C0B8E8 /* UIImageExtension.swift */ = {isa = PBXFileReference; lastKnownFileType = sourcecode.swift; path = UIImageExtension.swift; sourceTree = "<group>"; };
		A281043329B1E4F700C0B8E8 /* LikeMe.swift */ = {isa = PBXFileReference; lastKnownFileType = sourcecode.swift; path = LikeMe.swift; sourceTree = "<group>"; };
		A281043629B1EA6200C0B8E8 /* LikeMeModel.swift */ = {isa = PBXFileReference; lastKnownFileType = sourcecode.swift; path = LikeMeModel.swift; sourceTree = "<group>"; };
		A281043B29B20DD900C0B8E8 /* Me.swift */ = {isa = PBXFileReference; lastKnownFileType = sourcecode.swift; path = Me.swift; sourceTree = "<group>"; };
		A281043E29B2FCAC00C0B8E8 /* EnterInfoView.swift */ = {isa = PBXFileReference; lastKnownFileType = sourcecode.swift; path = EnterInfoView.swift; sourceTree = "<group>"; };
		A2A3A56629B9C0710069C574 /* StringExtension.swift */ = {isa = PBXFileReference; lastKnownFileType = sourcecode.swift; path = StringExtension.swift; sourceTree = "<group>"; };
		A2A3A56829BAE1B80069C574 /* CustomPhotoPicker.swift */ = {isa = PBXFileReference; lastKnownFileType = sourcecode.swift; path = CustomPhotoPicker.swift; sourceTree = "<group>"; };
		A2A3A56B29BB8B8C0069C574 /* MessageView.swift */ = {isa = PBXFileReference; lastKnownFileType = sourcecode.swift; path = MessageView.swift; sourceTree = "<group>"; };
		A2A3A56D29BC6F570069C574 /* BlindDateApp-Bridging-Header.h */ = {isa = PBXFileReference; lastKnownFileType = sourcecode.c.h; path = "BlindDateApp-Bridging-Header.h"; sourceTree = "<group>"; };
		A2D8270329B6F0070017445D /* NavigationViewExtension.swift */ = {isa = PBXFileReference; lastKnownFileType = sourcecode.swift; path = NavigationViewExtension.swift; sourceTree = "<group>"; };
		A2D8270629B748C40017445D /* CustomDatePicker.swift */ = {isa = PBXFileReference; lastKnownFileType = sourcecode.swift; path = CustomDatePicker.swift; sourceTree = "<group>"; };
		A2D8270829B784350017445D /* CustomPicker.swift */ = {isa = PBXFileReference; lastKnownFileType = sourcecode.swift; path = CustomPicker.swift; sourceTree = "<group>"; };
		A2D8270C29B851420017445D /* LocalData.swift */ = {isa = PBXFileReference; lastKnownFileType = sourcecode.swift; path = LocalData.swift; sourceTree = "<group>"; };
		A2D8272B29B86B290017445D /* school_data.json */ = {isa = PBXFileReference; fileEncoding = 4; lastKnownFileType = text.json; path = school_data.json; sourceTree = "<group>"; };
		A2D8272D29B87C750017445D /* profession.json */ = {isa = PBXFileReference; fileEncoding = 4; lastKnownFileType = text.json; path = profession.json; sourceTree = "<group>"; };
		A2D8272F29B88E9C0017445D /* city.json */ = {isa = PBXFileReference; fileEncoding = 4; lastKnownFileType = text.json; path = city.json; sourceTree = "<group>"; };
		A2D8273029B88E9C0017445D /* province.json */ = {isa = PBXFileReference; fileEncoding = 4; lastKnownFileType = text.json; path = province.json; sourceTree = "<group>"; };
		A2D8273329B8971A0017445D /* area.json */ = {isa = PBXFileReference; fileEncoding = 4; lastKnownFileType = text.json; path = area.json; sourceTree = "<group>"; };
		A2D8273529B89AB40017445D /* AddressView.swift */ = {isa = PBXFileReference; lastKnownFileType = sourcecode.swift; path = AddressView.swift; sourceTree = "<group>"; };
		A2E4E917299B5104000A46FE /* BlindDateApp.app */ = {isa = PBXFileReference; explicitFileType = wrapper.application; includeInIndex = 0; path = BlindDateApp.app; sourceTree = BUILT_PRODUCTS_DIR; };
		A2E4E91A299B5104000A46FE /* BlindDateAppApp.swift */ = {isa = PBXFileReference; lastKnownFileType = sourcecode.swift; path = BlindDateAppApp.swift; sourceTree = "<group>"; };
		A2E4E91C299B5104000A46FE /* ContentView.swift */ = {isa = PBXFileReference; lastKnownFileType = sourcecode.swift; path = ContentView.swift; sourceTree = "<group>"; };
		A2E4E91E299B5107000A46FE /* Assets.xcassets */ = {isa = PBXFileReference; lastKnownFileType = folder.assetcatalog; path = Assets.xcassets; sourceTree = "<group>"; };
		A2E4E921299B5107000A46FE /* Preview Assets.xcassets */ = {isa = PBXFileReference; lastKnownFileType = folder.assetcatalog; path = "Preview Assets.xcassets"; sourceTree = "<group>"; };
		A2E4E928299B517D000A46FE /* LoginView.swift */ = {isa = PBXFileReference; lastKnownFileType = sourcecode.swift; path = LoginView.swift; sourceTree = "<group>"; };
		A2EA905229C9B92C00A32570 /* RefreshableScrollView.swift */ = {isa = PBXFileReference; fileEncoding = 4; lastKnownFileType = sourcecode.swift; path = RefreshableScrollView.swift; sourceTree = "<group>"; };
		A2EA905429CAD08100A32570 /* BatchRequest.swift */ = {isa = PBXFileReference; lastKnownFileType = sourcecode.swift; path = BatchRequest.swift; sourceTree = "<group>"; };
		A2F64C1129BF0D5100B68B82 /* BlindDateApp.profdata */ = {isa = PBXFileReference; lastKnownFileType = file; path = BlindDateApp.profdata; sourceTree = "<group>"; };
		A2FFE854299B5E03009642D3 /* BaseRequest.swift */ = {isa = PBXFileReference; lastKnownFileType = sourcecode.swift; path = BaseRequest.swift; sourceTree = "<group>"; };
		A2FFE856299B61E8009642D3 /* Consts.swift */ = {isa = PBXFileReference; lastKnownFileType = sourcecode.swift; path = Consts.swift; sourceTree = "<group>"; };
		A2FFE858299B6ABA009642D3 /* Info.plist */ = {isa = PBXFileReference; lastKnownFileType = text.plist; path = Info.plist; sourceTree = "<group>"; };
		EA46E149846F89A84C1EE6CF /* Pods_BlindDateApp.framework */ = {isa = PBXFileReference; explicitFileType = wrapper.framework; includeInIndex = 0; path = Pods_BlindDateApp.framework; sourceTree = BUILT_PRODUCTS_DIR; };
		F1F647A3B0394268888BD8CC /* Pods-BlindDateApp.release.xcconfig */ = {isa = PBXFileReference; includeInIndex = 1; lastKnownFileType = text.xcconfig; name = "Pods-BlindDateApp.release.xcconfig"; path = "Target Support Files/Pods-BlindDateApp/Pods-BlindDateApp.release.xcconfig"; sourceTree = "<group>"; };
/* End PBXFileReference section */

/* Begin PBXFrameworksBuildPhase section */
		A2E4E914299B5104000A46FE /* Frameworks */ = {
			isa = PBXFrameworksBuildPhase;
			buildActionMask = 2147483647;
			files = (
				55219B014EB8F3FB048E4E7B /* Pods_BlindDateApp.framework in Frameworks */,
			);
			runOnlyForDeploymentPostprocessing = 0;
		};
/* End PBXFrameworksBuildPhase section */

/* Begin PBXGroup section */
		363D64CA92C3E6867018CC70 /* Frameworks */ = {
			isa = PBXGroup;
			children = (
				EA46E149846F89A84C1EE6CF /* Pods_BlindDateApp.framework */,
			);
			name = Frameworks;
			sourceTree = "<group>";
		};
		A24B376529C1D5BC00D1D003 /* DynamicCirclePage */ = {
			isa = PBXGroup;
			children = (
				A24B376629C1D5D500D1D003 /* DynamicCircleView.swift */,
			);
			path = DynamicCirclePage;
			sourceTree = "<group>";
		};
		A2519B9029A9E5850098DF3E /* Utils */ = {
			isa = PBXGroup;
			children = (
				A2519B9129A9E59D0098DF3E /* ViewExtension.swift */,
				A2519B9829A9EF640098DF3E /* ColorExtension.swift */,
				A281042E29B0AB4600C0B8E8 /* DateExtension.swift */,
				A2D8270329B6F0070017445D /* NavigationViewExtension.swift */,
				A2519B9329A9E5D40098DF3E /* LoadingView.swift */,
				A281043029B197ED00C0B8E8 /* UIImageExtension.swift */,
				A2A3A56629B9C0710069C574 /* StringExtension.swift */,
				A238F28A29C74F7B00F1B4F7 /* ButtonExtension.swift */,
				A2D8270C29B851420017445D /* LocalData.swift */,
				A2519B9B29A9F1FA0098DF3E /* Header.swift */,
			);
			path = Utils;
			sourceTree = "<group>";
		};
		A2519B9529A9E94B0098DF3E /* UserCenter */ = {
			isa = PBXGroup;
			children = (
				A2519B9629A9E95B0098DF3E /* UserCenter.swift */,
			);
			path = UserCenter;
			sourceTree = "<group>";
		};
		A2519B9D29AA01D50098DF3E /* HomePage */ = {
			isa = PBXGroup;
			children = (
				A2519BA029AC8CC40098DF3E /* model */,
				A2519B9E29AA01E30098DF3E /* RecommandList.swift */,
			);
			path = HomePage;
			sourceTree = "<group>";
		};
		A2519BA029AC8CC40098DF3E /* model */ = {
			isa = PBXGroup;
			children = (
				A2519BA129AC8CD60098DF3E /* ReCommandModel.swift */,
			);
			path = model;
			sourceTree = "<group>";
		};
		A281043229B1E4E400C0B8E8 /* LikeMePage */ = {
			isa = PBXGroup;
			children = (
				A281043529B1EA5000C0B8E8 /* Model */,
				A281043329B1E4F700C0B8E8 /* LikeMe.swift */,
			);
			path = LikeMePage;
			sourceTree = "<group>";
		};
		A281043529B1EA5000C0B8E8 /* Model */ = {
			isa = PBXGroup;
			children = (
				A281043629B1EA6200C0B8E8 /* LikeMeModel.swift */,
			);
			path = Model;
			sourceTree = "<group>";
		};
		A281043A29B20DC000C0B8E8 /* MePage */ = {
			isa = PBXGroup;
			children = (
				A281043B29B20DD900C0B8E8 /* Me.swift */,
			);
			path = MePage;
			sourceTree = "<group>";
		};
		A281043D29B2FC6400C0B8E8 /* LoginModule */ = {
			isa = PBXGroup;
			children = (
				A2E4E928299B517D000A46FE /* LoginView.swift */,
				A281043E29B2FCAC00C0B8E8 /* EnterInfoView.swift */,
			);
			path = LoginModule;
			sourceTree = "<group>";
		};
		A2A3A56A29BB8B7F0069C574 /* MessagePage */ = {
			isa = PBXGroup;
			children = (
				A2A3A56B29BB8B8C0069C574 /* MessageView.swift */,
			);
			path = MessagePage;
			sourceTree = "<group>";
		};
		A2D8270529B748B10017445D /* CommonUI */ = {
			isa = PBXGroup;
			children = (
				A2EA905229C9B92C00A32570 /* RefreshableScrollView.swift */,
				A2D8270629B748C40017445D /* CustomDatePicker.swift */,
				A2D8270829B784350017445D /* CustomPicker.swift */,
				A2A3A56829BAE1B80069C574 /* CustomPhotoPicker.swift */,
				A2D8273529B89AB40017445D /* AddressView.swift */,
			);
			path = CommonUI;
			sourceTree = "<group>";
		};
		A2E4E90E299B5104000A46FE = {
			isa = PBXGroup;
			children = (
				A2E4E919299B5104000A46FE /* BlindDateApp */,
				A2E4E918299B5104000A46FE /* Products */,
				B5C5E14EEBD53F916B567301 /* Pods */,
				363D64CA92C3E6867018CC70 /* Frameworks */,
				A2F64C1029BF0D5100B68B82 /* OptimizationProfiles */,
			);
			sourceTree = "<group>";
		};
		A2E4E918299B5104000A46FE /* Products */ = {
			isa = PBXGroup;
			children = (
				A2E4E917299B5104000A46FE /* BlindDateApp.app */,
			);
			name = Products;
			sourceTree = "<group>";
		};
		A2E4E919299B5104000A46FE /* BlindDateApp */ = {
			isa = PBXGroup;
			children = (
				A2FFE858299B6ABA009642D3 /* Info.plist */,
				A2E4E91A299B5104000A46FE /* BlindDateAppApp.swift */,
				A2E4E91C299B5104000A46FE /* ContentView.swift */,
				A281043D29B2FC6400C0B8E8 /* LoginModule */,
				A2FFE856299B61E8009642D3 /* Consts.swift */,
				A2519B9529A9E94B0098DF3E /* UserCenter */,
				A2FFE853299B5DE9009642D3 /* NetWork */,
				A2519B9D29AA01D50098DF3E /* HomePage */,
				A281043229B1E4E400C0B8E8 /* LikeMePage */,
				A24B376529C1D5BC00D1D003 /* DynamicCirclePage */,
				A2A3A56A29BB8B7F0069C574 /* MessagePage */,
				A281043A29B20DC000C0B8E8 /* MePage */,
				A2E4E91E299B5107000A46FE /* Assets.xcassets */,
				A2D8272B29B86B290017445D /* school_data.json */,
				A2D8272D29B87C750017445D /* profession.json */,
				A2D8272F29B88E9C0017445D /* city.json */,
				A2D8273329B8971A0017445D /* area.json */,
				A2D8273029B88E9C0017445D /* province.json */,
				A2A3A56D29BC6F570069C574 /* BlindDateApp-Bridging-Header.h */,
				A2D8270529B748B10017445D /* CommonUI */,
				A2519B9029A9E5850098DF3E /* Utils */,
				A2E4E920299B5107000A46FE /* Preview Content */,
			);
			path = BlindDateApp;
			sourceTree = "<group>";
		};
		A2E4E920299B5107000A46FE /* Preview Content */ = {
			isa = PBXGroup;
			children = (
				A2E4E921299B5107000A46FE /* Preview Assets.xcassets */,
			);
			path = "Preview Content";
			sourceTree = "<group>";
		};
		A2F64C1029BF0D5100B68B82 /* OptimizationProfiles */ = {
			isa = PBXGroup;
			children = (
				A2F64C1129BF0D5100B68B82 /* BlindDateApp.profdata */,
			);
			path = OptimizationProfiles;
			sourceTree = "<group>";
		};
		A2FFE853299B5DE9009642D3 /* NetWork */ = {
			isa = PBXGroup;
			children = (
				A2FFE854299B5E03009642D3 /* BaseRequest.swift */,
				A2EA905429CAD08100A32570 /* BatchRequest.swift */,
			);
			path = NetWork;
			sourceTree = "<group>";
		};
		B5C5E14EEBD53F916B567301 /* Pods */ = {
			isa = PBXGroup;
			children = (
				664FC701655135A14D8BE38C /* Pods-BlindDateApp.debug.xcconfig */,
				F1F647A3B0394268888BD8CC /* Pods-BlindDateApp.release.xcconfig */,
			);
			path = Pods;
			sourceTree = "<group>";
		};
/* End PBXGroup section */

/* Begin PBXNativeTarget section */
		A2E4E916299B5104000A46FE /* BlindDateApp */ = {
			isa = PBXNativeTarget;
			buildConfigurationList = A2E4E925299B5107000A46FE /* Build configuration list for PBXNativeTarget "BlindDateApp" */;
			buildPhases = (
				F2BD2EF57D7D2F8D3B61C428 /* [CP] Check Pods Manifest.lock */,
				A2E4E913299B5104000A46FE /* Sources */,
				A2E4E914299B5104000A46FE /* Frameworks */,
				A2E4E915299B5104000A46FE /* Resources */,
				3F997CF2377978A420D527B1 /* [CP] Embed Pods Frameworks */,
			);
			buildRules = (
			);
			dependencies = (
			);
			name = BlindDateApp;
			productName = BlindDateApp;
			productReference = A2E4E917299B5104000A46FE /* BlindDateApp.app */;
			productType = "com.apple.product-type.application";
		};
/* End PBXNativeTarget section */

/* Begin PBXProject section */
		A2E4E90F299B5104000A46FE /* Project object */ = {
			isa = PBXProject;
			attributes = {
				BuildIndependentTargetsInParallel = 1;
				LastSwiftUpdateCheck = 1320;
				LastUpgradeCheck = 1320;
				TargetAttributes = {
					A2E4E916299B5104000A46FE = {
						CreatedOnToolsVersion = 13.2.1;
					};
				};
			};
			buildConfigurationList = A2E4E912299B5104000A46FE /* Build configuration list for PBXProject "BlindDateApp" */;
			compatibilityVersion = "Xcode 13.0";
			developmentRegion = en;
			hasScannedForEncodings = 0;
			knownRegions = (
				en,
				Base,
				"zh-Hans",
			);
			mainGroup = A2E4E90E299B5104000A46FE;
			productRefGroup = A2E4E918299B5104000A46FE /* Products */;
			projectDirPath = "";
			projectRoot = "";
			targets = (
				A2E4E916299B5104000A46FE /* BlindDateApp */,
			);
		};
/* End PBXProject section */

/* Begin PBXResourcesBuildPhase section */
		A2E4E915299B5104000A46FE /* Resources */ = {
			isa = PBXResourcesBuildPhase;
			buildActionMask = 2147483647;
			files = (
				A2E4E922299B5107000A46FE /* Preview Assets.xcassets in Resources */,
				A2D8273129B88E9C0017445D /* city.json in Resources */,
				A2E4E91F299B5107000A46FE /* Assets.xcassets in Resources */,
				A2D8273429B8971A0017445D /* area.json in Resources */,
				A2D8272C29B86B290017445D /* school_data.json in Resources */,
				A2D8272E29B87C750017445D /* profession.json in Resources */,
				A2D8273229B88E9C0017445D /* province.json in Resources */,
			);
			runOnlyForDeploymentPostprocessing = 0;
		};
/* End PBXResourcesBuildPhase section */

/* Begin PBXShellScriptBuildPhase section */
		3F997CF2377978A420D527B1 /* [CP] Embed Pods Frameworks */ = {
			isa = PBXShellScriptBuildPhase;
			buildActionMask = 2147483647;
			files = (
			);
			inputFileListPaths = (
				"${PODS_ROOT}/Target Support Files/Pods-BlindDateApp/Pods-BlindDateApp-frameworks-${CONFIGURATION}-input-files.xcfilelist",
			);
			name = "[CP] Embed Pods Frameworks";
			outputFileListPaths = (
				"${PODS_ROOT}/Target Support Files/Pods-BlindDateApp/Pods-BlindDateApp-frameworks-${CONFIGURATION}-output-files.xcfilelist",
			);
			runOnlyForDeploymentPostprocessing = 0;
			shellPath = /bin/sh;
			shellScript = "\"${PODS_ROOT}/Target Support Files/Pods-BlindDateApp/Pods-BlindDateApp-frameworks.sh\"\n";
			showEnvVarsInLog = 0;
		};
		F2BD2EF57D7D2F8D3B61C428 /* [CP] Check Pods Manifest.lock */ = {
			isa = PBXShellScriptBuildPhase;
			buildActionMask = 2147483647;
			files = (
			);
			inputFileListPaths = (
			);
			inputPaths = (
				"${PODS_PODFILE_DIR_PATH}/Podfile.lock",
				"${PODS_ROOT}/Manifest.lock",
			);
			name = "[CP] Check Pods Manifest.lock";
			outputFileListPaths = (
			);
			outputPaths = (
				"$(DERIVED_FILE_DIR)/Pods-BlindDateApp-checkManifestLockResult.txt",
			);
			runOnlyForDeploymentPostprocessing = 0;
			shellPath = /bin/sh;
			shellScript = "diff \"${PODS_PODFILE_DIR_PATH}/Podfile.lock\" \"${PODS_ROOT}/Manifest.lock\" > /dev/null\nif [ $? != 0 ] ; then\n    # print error to STDERR\n    echo \"error: The sandbox is not in sync with the Podfile.lock. Run 'pod install' or update your CocoaPods installation.\" >&2\n    exit 1\nfi\n# This output is used by Xcode 'outputs' to avoid re-running this script phase.\necho \"SUCCESS\" > \"${SCRIPT_OUTPUT_FILE_0}\"\n";
			showEnvVarsInLog = 0;
		};
/* End PBXShellScriptBuildPhase section */

/* Begin PBXSourcesBuildPhase section */
		A2E4E913299B5104000A46FE /* Sources */ = {
			isa = PBXSourcesBuildPhase;
			buildActionMask = 2147483647;
			files = (
				A2D8270729B748C40017445D /* CustomDatePicker.swift in Sources */,
				A2519B9F29AA01E30098DF3E /* RecommandList.swift in Sources */,
				A281043C29B20DD900C0B8E8 /* Me.swift in Sources */,
				A2519B9C29A9F1FA0098DF3E /* Header.swift in Sources */,
				A2519BA229AC8CD60098DF3E /* ReCommandModel.swift in Sources */,
				A2D8270D29B851420017445D /* LocalData.swift in Sources */,
				A2D8273629B89AB40017445D /* AddressView.swift in Sources */,
				A2A3A56929BAE1B80069C574 /* CustomPhotoPicker.swift in Sources */,
				A2519B9229A9E59D0098DF3E /* ViewExtension.swift in Sources */,
				A281043729B1EA6200C0B8E8 /* LikeMeModel.swift in Sources */,
				A2D8270429B6F0070017445D /* NavigationViewExtension.swift in Sources */,
				A2D8270929B784350017445D /* CustomPicker.swift in Sources */,
				A2EA905329C9B92C00A32570 /* RefreshableScrollView.swift in Sources */,
				A2FFE855299B5E03009642D3 /* BaseRequest.swift in Sources */,
				A281043429B1E4F700C0B8E8 /* LikeMe.swift in Sources */,
				A281042F29B0AB4600C0B8E8 /* DateExtension.swift in Sources */,
				A2FFE857299B61E8009642D3 /* Consts.swift in Sources */,
				A2519B9929A9EF640098DF3E /* ColorExtension.swift in Sources */,
				A2519B9729A9E95B0098DF3E /* UserCenter.swift in Sources */,
				A2A3A56C29BB8B8C0069C574 /* MessageView.swift in Sources */,
				A281043129B197ED00C0B8E8 /* UIImageExtension.swift in Sources */,
				A24B376729C1D5D500D1D003 /* DynamicCircleView.swift in Sources */,
				A238F28B29C74F7C00F1B4F7 /* ButtonExtension.swift in Sources */,
				A281043F29B2FCAC00C0B8E8 /* EnterInfoView.swift in Sources */,
				A2E4E929299B517D000A46FE /* LoginView.swift in Sources */,
				A2A3A56729B9C0710069C574 /* StringExtension.swift in Sources */,
				A2E4E91D299B5104000A46FE /* ContentView.swift in Sources */,
				A2519B9429A9E5D40098DF3E /* LoadingView.swift in Sources */,
				A2EA905529CAD08100A32570 /* BatchRequest.swift in Sources */,
				A2E4E91B299B5104000A46FE /* BlindDateAppApp.swift in Sources */,
			);
			runOnlyForDeploymentPostprocessing = 0;
		};
/* End PBXSourcesBuildPhase section */

/* Begin XCBuildConfiguration section */
		A2E4E923299B5107000A46FE /* Debug */ = {
			isa = XCBuildConfiguration;
			buildSettings = {
				ALWAYS_SEARCH_USER_PATHS = NO;
				CLANG_ANALYZER_NONNULL = YES;
				CLANG_ANALYZER_NUMBER_OBJECT_CONVERSION = YES_AGGRESSIVE;
				CLANG_CXX_LANGUAGE_STANDARD = "gnu++17";
				CLANG_CXX_LIBRARY = "libc++";
				CLANG_ENABLE_MODULES = YES;
				CLANG_ENABLE_OBJC_ARC = YES;
				CLANG_ENABLE_OBJC_WEAK = YES;
				CLANG_WARN_BLOCK_CAPTURE_AUTORELEASING = YES;
				CLANG_WARN_BOOL_CONVERSION = YES;
				CLANG_WARN_COMMA = YES;
				CLANG_WARN_CONSTANT_CONVERSION = YES;
				CLANG_WARN_DEPRECATED_OBJC_IMPLEMENTATIONS = YES;
				CLANG_WARN_DIRECT_OBJC_ISA_USAGE = YES_ERROR;
				CLANG_WARN_DOCUMENTATION_COMMENTS = YES;
				CLANG_WARN_EMPTY_BODY = YES;
				CLANG_WARN_ENUM_CONVERSION = YES;
				CLANG_WARN_INFINITE_RECURSION = YES;
				CLANG_WARN_INT_CONVERSION = YES;
				CLANG_WARN_NON_LITERAL_NULL_CONVERSION = YES;
				CLANG_WARN_OBJC_IMPLICIT_RETAIN_SELF = YES;
				CLANG_WARN_OBJC_LITERAL_CONVERSION = YES;
				CLANG_WARN_OBJC_ROOT_CLASS = YES_ERROR;
				CLANG_WARN_QUOTED_INCLUDE_IN_FRAMEWORK_HEADER = YES;
				CLANG_WARN_RANGE_LOOP_ANALYSIS = YES;
				CLANG_WARN_STRICT_PROTOTYPES = YES;
				CLANG_WARN_SUSPICIOUS_MOVE = YES;
				CLANG_WARN_UNGUARDED_AVAILABILITY = YES_AGGRESSIVE;
				CLANG_WARN_UNREACHABLE_CODE = YES;
				CLANG_WARN__DUPLICATE_METHOD_MATCH = YES;
				COPY_PHASE_STRIP = NO;
				DEBUG_INFORMATION_FORMAT = dwarf;
				ENABLE_STRICT_OBJC_MSGSEND = YES;
				ENABLE_TESTABILITY = YES;
				GCC_C_LANGUAGE_STANDARD = gnu11;
				GCC_DYNAMIC_NO_PIC = NO;
				GCC_NO_COMMON_BLOCKS = YES;
				GCC_OPTIMIZATION_LEVEL = 0;
				GCC_PREPROCESSOR_DEFINITIONS = (
					"DEBUG=1",
					"$(inherited)",
				);
				GCC_WARN_64_TO_32_BIT_CONVERSION = YES;
				GCC_WARN_ABOUT_RETURN_TYPE = YES_ERROR;
				GCC_WARN_UNDECLARED_SELECTOR = YES;
				GCC_WARN_UNINITIALIZED_AUTOS = YES_AGGRESSIVE;
				GCC_WARN_UNUSED_FUNCTION = YES;
				GCC_WARN_UNUSED_VARIABLE = YES;
				IPHONEOS_DEPLOYMENT_TARGET = 14.0;
				MTL_ENABLE_DEBUG_INFO = INCLUDE_SOURCE;
				MTL_FAST_MATH = YES;
				ONLY_ACTIVE_ARCH = YES;
				SDKROOT = iphoneos;
				SWIFT_ACTIVE_COMPILATION_CONDITIONS = DEBUG;
				SWIFT_OPTIMIZATION_LEVEL = "-Onone";
			};
			name = Debug;
		};
		A2E4E924299B5107000A46FE /* Release */ = {
			isa = XCBuildConfiguration;
			buildSettings = {
				ALWAYS_SEARCH_USER_PATHS = NO;
				CLANG_ANALYZER_NONNULL = YES;
				CLANG_ANALYZER_NUMBER_OBJECT_CONVERSION = YES_AGGRESSIVE;
				CLANG_CXX_LANGUAGE_STANDARD = "gnu++17";
				CLANG_CXX_LIBRARY = "libc++";
				CLANG_ENABLE_MODULES = YES;
				CLANG_ENABLE_OBJC_ARC = YES;
				CLANG_ENABLE_OBJC_WEAK = YES;
				CLANG_WARN_BLOCK_CAPTURE_AUTORELEASING = YES;
				CLANG_WARN_BOOL_CONVERSION = YES;
				CLANG_WARN_COMMA = YES;
				CLANG_WARN_CONSTANT_CONVERSION = YES;
				CLANG_WARN_DEPRECATED_OBJC_IMPLEMENTATIONS = YES;
				CLANG_WARN_DIRECT_OBJC_ISA_USAGE = YES_ERROR;
				CLANG_WARN_DOCUMENTATION_COMMENTS = YES;
				CLANG_WARN_EMPTY_BODY = YES;
				CLANG_WARN_ENUM_CONVERSION = YES;
				CLANG_WARN_INFINITE_RECURSION = YES;
				CLANG_WARN_INT_CONVERSION = YES;
				CLANG_WARN_NON_LITERAL_NULL_CONVERSION = YES;
				CLANG_WARN_OBJC_IMPLICIT_RETAIN_SELF = YES;
				CLANG_WARN_OBJC_LITERAL_CONVERSION = YES;
				CLANG_WARN_OBJC_ROOT_CLASS = YES_ERROR;
				CLANG_WARN_QUOTED_INCLUDE_IN_FRAMEWORK_HEADER = YES;
				CLANG_WARN_RANGE_LOOP_ANALYSIS = YES;
				CLANG_WARN_STRICT_PROTOTYPES = YES;
				CLANG_WARN_SUSPICIOUS_MOVE = YES;
				CLANG_WARN_UNGUARDED_AVAILABILITY = YES_AGGRESSIVE;
				CLANG_WARN_UNREACHABLE_CODE = YES;
				CLANG_WARN__DUPLICATE_METHOD_MATCH = YES;
				COPY_PHASE_STRIP = NO;
				DEBUG_INFORMATION_FORMAT = "dwarf-with-dsym";
				ENABLE_NS_ASSERTIONS = NO;
				ENABLE_STRICT_OBJC_MSGSEND = YES;
				GCC_C_LANGUAGE_STANDARD = gnu11;
				GCC_NO_COMMON_BLOCKS = YES;
				GCC_WARN_64_TO_32_BIT_CONVERSION = YES;
				GCC_WARN_ABOUT_RETURN_TYPE = YES_ERROR;
				GCC_WARN_UNDECLARED_SELECTOR = YES;
				GCC_WARN_UNINITIALIZED_AUTOS = YES_AGGRESSIVE;
				GCC_WARN_UNUSED_FUNCTION = YES;
				GCC_WARN_UNUSED_VARIABLE = YES;
				IPHONEOS_DEPLOYMENT_TARGET = 14.0;
				MTL_ENABLE_DEBUG_INFO = NO;
				MTL_FAST_MATH = YES;
				SDKROOT = iphoneos;
				SWIFT_COMPILATION_MODE = wholemodule;
				SWIFT_OPTIMIZATION_LEVEL = "-O";
				VALIDATE_PRODUCT = YES;
			};
			name = Release;
		};
		A2E4E926299B5107000A46FE /* Debug */ = {
			isa = XCBuildConfiguration;
			baseConfigurationReference = 664FC701655135A14D8BE38C /* Pods-BlindDateApp.debug.xcconfig */;
			buildSettings = {
				ASSETCATALOG_COMPILER_APPICON_NAME = AppIcon;
				ASSETCATALOG_COMPILER_GLOBAL_ACCENT_COLOR_NAME = AccentColor;
				CLANG_USE_OPTIMIZATION_PROFILE = YES;
				CODE_SIGN_STYLE = Automatic;
				CURRENT_PROJECT_VERSION = 1;
				DEFINES_MODULE = YES;
				DEVELOPMENT_ASSET_PATHS = "\"BlindDateApp/Preview Content\"";
				DEVELOPMENT_TEAM = GT49X56UC2;
				ENABLE_BITCODE = NO;
				ENABLE_PREVIEWS = YES;
				GCC_OPTIMIZATION_LEVEL = 1;
				GENERATE_INFOPLIST_FILE = YES;
				INFOPLIST_FILE = BlindDateApp/Info.plist;
				INFOPLIST_KEY_NSCameraUsageDescription = "上传头像或者发送图片，需要访问相机";
				INFOPLIST_KEY_NSMicrophoneUsageDescription = "发送语音信息，需要访问麦克风";
				INFOPLIST_KEY_NSPhotoLibraryAddUsageDescription = "上传图片，需要访问相册";
				INFOPLIST_KEY_NSPhotoLibraryUsageDescription = "上传图片，需要访问相册";
				INFOPLIST_KEY_UIApplicationSceneManifest_Generation = YES;
				INFOPLIST_KEY_UIApplicationSupportsIndirectInputEvents = YES;
				INFOPLIST_KEY_UILaunchScreen_Generation = YES;
				INFOPLIST_KEY_UISupportedInterfaceOrientations = UIInterfaceOrientationPortrait;
				INFOPLIST_KEY_UISupportedInterfaceOrientations_iPad = "UIInterfaceOrientationPortrait UIInterfaceOrientationPortraitUpsideDown UIInterfaceOrientationLandscapeLeft UIInterfaceOrientationLandscapeRight";
				INFOPLIST_KEY_UISupportedInterfaceOrientations_iPhone = "UIInterfaceOrientationPortrait UIInterfaceOrientationLandscapeLeft UIInterfaceOrientationLandscapeRight";
				IPHONEOS_DEPLOYMENT_TARGET = 14.0;
				LD_RUNPATH_SEARCH_PATHS = (
					"$(inherited)",
					"@executable_path/Frameworks",
				);
				MARKETING_VERSION = 1.0.0;
				PRODUCT_BUNDLE_IDENTIFIER = com.poolin.landmarks.BlindDateApp;
				PRODUCT_NAME = "$(TARGET_NAME)";
				SWIFT_EMIT_LOC_STRINGS = YES;
				SWIFT_OBJC_BRIDGING_HEADER = "BlindDateApp/BlindDateApp-Bridging-Header.h";
				SWIFT_VERSION = 5.0;
				TARGETED_DEVICE_FAMILY = "1,2";
			};
			name = Debug;
		};
		A2E4E927299B5107000A46FE /* Release */ = {
			isa = XCBuildConfiguration;
			baseConfigurationReference = F1F647A3B0394268888BD8CC /* Pods-BlindDateApp.release.xcconfig */;
			buildSettings = {
				ASSETCATALOG_COMPILER_APPICON_NAME = AppIcon;
				ASSETCATALOG_COMPILER_GLOBAL_ACCENT_COLOR_NAME = AccentColor;
				CLANG_USE_OPTIMIZATION_PROFILE = YES;
				CODE_SIGN_STYLE = Automatic;
				CURRENT_PROJECT_VERSION = 1;
				DEFINES_MODULE = YES;
				DEVELOPMENT_ASSET_PATHS = "\"BlindDateApp/Preview Content\"";
				DEVELOPMENT_TEAM = GT49X56UC2;
				ENABLE_BITCODE = NO;
				ENABLE_PREVIEWS = YES;
				GENERATE_INFOPLIST_FILE = YES;
				INFOPLIST_FILE = BlindDateApp/Info.plist;
				INFOPLIST_KEY_NSCameraUsageDescription = "上传头像或者发送图片，需要访问相机";
				INFOPLIST_KEY_NSMicrophoneUsageDescription = "发送语音信息，需要访问麦克风";
				INFOPLIST_KEY_NSPhotoLibraryAddUsageDescription = "上传图片，需要访问相册";
				INFOPLIST_KEY_NSPhotoLibraryUsageDescription = "上传图片，需要访问相册";
				INFOPLIST_KEY_UIApplicationSceneManifest_Generation = YES;
				INFOPLIST_KEY_UIApplicationSupportsIndirectInputEvents = YES;
				INFOPLIST_KEY_UILaunchScreen_Generation = YES;
				INFOPLIST_KEY_UISupportedInterfaceOrientations = UIInterfaceOrientationPortrait;
				INFOPLIST_KEY_UISupportedInterfaceOrientations_iPad = "UIInterfaceOrientationPortrait UIInterfaceOrientationPortraitUpsideDown UIInterfaceOrientationLandscapeLeft UIInterfaceOrientationLandscapeRight";
				INFOPLIST_KEY_UISupportedInterfaceOrientations_iPhone = "UIInterfaceOrientationPortrait UIInterfaceOrientationLandscapeLeft UIInterfaceOrientationLandscapeRight";
				IPHONEOS_DEPLOYMENT_TARGET = 14.0;
				LD_RUNPATH_SEARCH_PATHS = (
					"$(inherited)",
					"@executable_path/Frameworks",
				);
				MARKETING_VERSION = 1.0.0;
				PRODUCT_BUNDLE_IDENTIFIER = com.poolin.landmarks.BlindDateApp;
				PRODUCT_NAME = "$(TARGET_NAME)";
				SWIFT_EMIT_LOC_STRINGS = YES;
				SWIFT_OBJC_BRIDGING_HEADER = "BlindDateApp/BlindDateApp-Bridging-Header.h";
				SWIFT_VERSION = 5.0;
				TARGETED_DEVICE_FAMILY = "1,2";
			};
			name = Release;
		};
/* End XCBuildConfiguration section */

/* Begin XCConfigurationList section */
		A2E4E912299B5104000A46FE /* Build configuration list for PBXProject "BlindDateApp" */ = {
			isa = XCConfigurationList;
			buildConfigurations = (
				A2E4E923299B5107000A46FE /* Debug */,
				A2E4E924299B5107000A46FE /* Release */,
			);
			defaultConfigurationIsVisible = 0;
			defaultConfigurationName = Release;
		};
		A2E4E925299B5107000A46FE /* Build configuration list for PBXNativeTarget "BlindDateApp" */ = {
			isa = XCConfigurationList;
			buildConfigurations = (
				A2E4E926299B5107000A46FE /* Debug */,
				A2E4E927299B5107000A46FE /* Release */,
			);
			defaultConfigurationIsVisible = 0;
			defaultConfigurationName = Release;
		};
/* End XCConfigurationList section */
	};
	rootObject = A2E4E90F299B5104000A46FE /* Project object */;
}
